<?xml version="1.0" encoding="utf-8"?>
<Project ToolsVersion="17.0" xmlns="http://schemas.microsoft.com/developer/msbuild/2003">
  <ItemGroup>
    <ClCompile Include="G:\VG\main.cpp">
      <Filter>Source Files</Filter>
    </ClCompile>
    <ClCompile Include="G:\VG\lib\md5.cpp">
      <Filter>Source Files</Filter>
    </ClCompile>
    <ClCompile Include="G:\VG\lib\pbkdf2-sha1.cpp">
      <Filter>Source Files</Filter>
    </ClCompile>
    <ClCompile Include="G:\VG\lib\pbkdf2-sha256.cpp">
      <Filter>Source Files</Filter>
    </ClCompile>
    <ClCompile Include="G:\VG\encrypt.cpp">
      <Filter>Source Files</Filter>
    </ClCompile>
    <ClCompile Include="G:\VG\log.cpp">
      <Filter>Source Files</Filter>
    </ClCompile>
    <ClCompile Include="G:\VG\network.cpp">
      <Filter>Source Files</Filter>
    </ClCompile>
    <ClCompile Include="G:\VG\common.cpp">
      <Filter>Source Files</Filter>
    </ClCompile>
    <ClCompile Include="G:\VG\connection.cpp">
      <Filter>Source Files</Filter>
    </ClCompile>
    <ClCompile Include="G:\VG\misc.cpp">
      <Filter>Source Files</Filter>
    </ClCompile>
    <ClCompile Include="G:\VG\fd_manager.cpp">
      <Filter>Source Files</Filter>
    </ClCompile>
    <ClCompile Include="G:\VG\client.cpp">
      <Filter>Source Files</Filter>
    </ClCompile>
    <ClCompile Include="G:\VG\server.cpp">
      <Filter>Source Files</Filter>
    </ClCompile>
    <ClCompile Include="G:\VG\lib\aes_faster_c\aes.cpp">
      <Filter>Source Files</Filter>
    </ClCompile>
    <ClCompile Include="G:\VG\lib\aes_faster_c\wrapper.cpp">
      <Filter>Source Files</Filter>
    </ClCompile>
    <ClCompile Include="G:\VG\my_ev.cpp">
      <Filter>Source Files</Filter>
    </ClCompile>
    <ClCompile Include="G:\VG\pcap_wrapper.cpp">
      <Filter>Source Files</Filter>
    </ClCompile>
  </ItemGroup>
  <ItemGroup>
    <CustomBuild Include="G:\VG\CMakeLists.txt" />
  </ItemGroup>
  <ItemGroup>
    <Filter Include="Source Files">
      <UniqueIdentifier>{2E181D76-DAC1-3C82-88CE-5F616FB2DAB9}</UniqueIdentifier>
    </Filter>
  </ItemGroup>
</Project>
