<?xml version="1.0" encoding="utf-8"?>
<Project ToolsVersion="17.0" xmlns="http://schemas.microsoft.com/developer/msbuild/2003">
  <ItemGroup>
    <CustomBuild Include="G:\VG\CMakeFiles\ac2ab2f052d21f92d456fc1d0f6a0d60\generate.stamp.rule">
      <Filter>CMake Rules</Filter>
    </CustomBuild>
  </ItemGroup>
  <ItemGroup>
    <Filter Include="CMake Rules">
      <UniqueIdentifier>{FFB71314-59CF-39BF-9604-B84809D103C3}</UniqueIdentifier>
    </Filter>
  </ItemGroup>
</Project>
